
Microsoft Visual Studio Solution File, Format Version 12.00
# Visual Studio Version 16
VisualStudioVersion = 16.0.31129.286
MinimumVisualStudioVersion = 10.0.40219.1
Project("{9A19103F-16F7-4668-BE54-9A1E7A4F7556}") = "VZM", "VZM\VZM.csproj", "{C6A6FADD-96E1-47DD-A2E9-4525A1FA218A}"
EndProject
Project("{00D1A9C2-B5F0-4AF3-8072-F6C62B433612}") = "Db", "Db\Db.sqlproj", "{1DC9409D-AD36-47C4-824C-3471136EE347}"
EndProject
Project("{FAE04EC0-301F-11D3-BF4B-00C04F79EFBC}") = "VZM.Entities", "VZM.Entities\VZM.Entities.csproj", "{F19D6EC0-CA0F-4135-869F-B81EADDB3DB1}"
EndProject
Project("{FAE04EC0-301F-11D3-BF4B-00C04F79EFBC}") = "VZM.Interfaces", "VZM.Interfaces\VZM.Interfaces.csproj", "{A7AC819B-7BEE-47EB-B6B5-1248162BBF2D}"
EndProject
Project("{FAE04EC0-301F-11D3-BF4B-00C04F79EFBC}") = "VZM.Data", "VZM.Data\VZM.Data.csproj", "{F66F0250-BE56-4143-B0A0-7C9002FD38F2}"
EndProject
Global
	GlobalSection(SolutionConfigurationPlatforms) = preSolution
		Debug|Any CPU = Debug|Any CPU
		Release|Any CPU = Release|Any CPU
	EndGlobalSection
	GlobalSection(ProjectConfigurationPlatforms) = postSolution
		{C6A6FADD-96E1-47DD-A2E9-4525A1FA218A}.Debug|Any CPU.ActiveCfg = Debug|Any CPU
		{C6A6FADD-96E1-47DD-A2E9-4525A1FA218A}.Debug|Any CPU.Build.0 = Debug|Any CPU
		{C6A6FADD-96E1-47DD-A2E9-4525A1FA218A}.Release|Any CPU.ActiveCfg = Release|Any CPU
		{C6A6FADD-96E1-47DD-A2E9-4525A1FA218A}.Release|Any CPU.Build.0 = Release|Any CPU
		{1DC9409D-AD36-47C4-824C-3471136EE347}.Debug|Any CPU.ActiveCfg = Debug|Any CPU
		{1DC9409D-AD36-47C4-824C-3471136EE347}.Debug|Any CPU.Build.0 = Debug|Any CPU
		{1DC9409D-AD36-47C4-824C-3471136EE347}.Debug|Any CPU.Deploy.0 = Debug|Any CPU
		{1DC9409D-AD36-47C4-824C-3471136EE347}.Release|Any CPU.ActiveCfg = Release|Any CPU
		{1DC9409D-AD36-47C4-824C-3471136EE347}.Release|Any CPU.Build.0 = Release|Any CPU
		{1DC9409D-AD36-47C4-824C-3471136EE347}.Release|Any CPU.Deploy.0 = Release|Any CPU
		{F19D6EC0-CA0F-4135-869F-B81EADDB3DB1}.Debug|Any CPU.ActiveCfg = Debug|Any CPU
		{F19D6EC0-CA0F-4135-869F-B81EADDB3DB1}.Debug|Any CPU.Build.0 = Debug|Any CPU
		{F19D6EC0-CA0F-4135-869F-B81EADDB3DB1}.Release|Any CPU.ActiveCfg = Release|Any CPU
		{F19D6EC0-CA0F-4135-869F-B81EADDB3DB1}.Release|Any CPU.Build.0 = Release|Any CPU
		{A7AC819B-7BEE-47EB-B6B5-1248162BBF2D}.Debug|Any CPU.ActiveCfg = Debug|Any CPU
		{A7AC819B-7BEE-47EB-B6B5-1248162BBF2D}.Debug|Any CPU.Build.0 = Debug|Any CPU
		{A7AC819B-7BEE-47EB-B6B5-1248162BBF2D}.Release|Any CPU.ActiveCfg = Release|Any CPU
		{A7AC819B-7BEE-47EB-B6B5-1248162BBF2D}.Release|Any CPU.Build.0 = Release|Any CPU
		{F66F0250-BE56-4143-B0A0-7C9002FD38F2}.Debug|Any CPU.ActiveCfg = Debug|Any CPU
		{F66F0250-BE56-4143-B0A0-7C9002FD38F2}.Debug|Any CPU.Build.0 = Debug|Any CPU
		{F66F0250-BE56-4143-B0A0-7C9002FD38F2}.Release|Any CPU.ActiveCfg = Release|Any CPU
		{F66F0250-BE56-4143-B0A0-7C9002FD38F2}.Release|Any CPU.Build.0 = Release|Any CPU
	EndGlobalSection
	GlobalSection(SolutionProperties) = preSolution
		HideSolutionNode = FALSE
	EndGlobalSection
	GlobalSection(ExtensibilityGlobals) = postSolution
		SolutionGuid = {B24A35C2-9B5F-4C0A-8E5B-36BDF0FE20A0}
	EndGlobalSection
EndGlobal
